
Microsoft Visual Studio Solution File, Format Version 12.00
# Visual Studio Version 17
VisualStudioVersion = 17.5.33627.172
MinimumVisualStudioVersion = 10.0.40219.1
Project("{FAE04EC0-301F-11D3-BF4B-00C04F79EFBC}") = "Circunferencia", "Circunferencia.csproj", "{99DE5E92-FBBF-4206-BC25-84F369FF558F}"
EndProject
Global
	GlobalSection(SolutionConfigurationPlatforms) = preSolution
		Debug|Any CPU = Debug|Any CPU
		Release|Any CPU = Release|Any CPU
	EndGlobalSection
	GlobalSection(ProjectConfigurationPlatforms) = postSolution
		{99DE5E92-FBBF-4206-BC25-84F369FF558F}.Debug|Any CPU.ActiveCfg = Debug|Any CPU
		{99DE5E92-FBBF-4206-BC25-84F369FF558F}.Debug|Any CPU.Build.0 = Debug|Any CPU
		{99DE5E92-FBBF-4206-BC25-84F369FF558F}.Release|Any CPU.ActiveCfg = Release|Any CPU
		{99DE5E92-FBBF-4206-BC25-84F369FF558F}.Release|Any CPU.Build.0 = Release|Any CPU
	EndGlobalSection
	GlobalSection(SolutionProperties) = preSolution
		HideSolutionNode = FALSE
	EndGlobalSection
	GlobalSection(ExtensibilityGlobals) = postSolution
		SolutionGuid = {1DC57B1A-4861-4E8D-A01B-AF450B147C49}
	EndGlobalSection
EndGlobal
