
Microsoft Visual Studio Solution File, Format Version 12.00
# Visual Studio Version 17
VisualStudioVersion = 17.5.33627.172
MinimumVisualStudioVersion = 10.0.40219.1
Project("{FAE04EC0-301F-11D3-BF4B-00C04F79EFBC}") = "AreaTriangulos", "AreaTriangulos.csproj", "{5CFCFA0B-8C48-4CB8-BB8A-8D58C966A0BE}"
EndProject
Global
	GlobalSection(SolutionConfigurationPlatforms) = preSolution
		Debug|Any CPU = Debug|Any CPU
		Release|Any CPU = Release|Any CPU
	EndGlobalSection
	GlobalSection(ProjectConfigurationPlatforms) = postSolution
		{5CFCFA0B-8C48-4CB8-BB8A-8D58C966A0BE}.Debug|Any CPU.ActiveCfg = Debug|Any CPU
		{5CFCFA0B-8C48-4CB8-BB8A-8D58C966A0BE}.Debug|Any CPU.Build.0 = Debug|Any CPU
		{5CFCFA0B-8C48-4CB8-BB8A-8D58C966A0BE}.Release|Any CPU.ActiveCfg = Release|Any CPU
		{5CFCFA0B-8C48-4CB8-BB8A-8D58C966A0BE}.Release|Any CPU.Build.0 = Release|Any CPU
	EndGlobalSection
	GlobalSection(SolutionProperties) = preSolution
		HideSolutionNode = FALSE
	EndGlobalSection
	GlobalSection(ExtensibilityGlobals) = postSolution
		SolutionGuid = {0CC68268-BD90-4CA7-A2FD-B5530AEF19D2}
	EndGlobalSection
EndGlobal
